
Microsoft Visual Studio Solution File, Format Version 12.00
# Visual Studio Version 16
VisualStudioVersion = 16.0.29306.81
MinimumVisualStudioVersion = 10.0.40219.1
Project("{FAE04EC0-301F-11D3-BF4B-00C04F79EFBC}") = "2", "2\2.csproj", "{1F37F67B-9DCA-45B6-B9BC-1767AEFD9AA7}"
EndProject
Global
	GlobalSection(SolutionConfigurationPlatforms) = preSolution
		Debug|Any CPU = Debug|Any CPU
		Release|Any CPU = Release|Any CPU
	EndGlobalSection
	GlobalSection(ProjectConfigurationPlatforms) = postSolution
		{1F37F67B-9DCA-45B6-B9BC-1767AEFD9AA7}.Debug|Any CPU.ActiveCfg = Debug|Any CPU
		{1F37F67B-9DCA-45B6-B9BC-1767AEFD9AA7}.Debug|Any CPU.Build.0 = Debug|Any CPU
		{1F37F67B-9DCA-45B6-B9BC-1767AEFD9AA7}.Release|Any CPU.ActiveCfg = Release|Any CPU
		{1F37F67B-9DCA-45B6-B9BC-1767AEFD9AA7}.Release|Any CPU.Build.0 = Release|Any CPU
	EndGlobalSection
	GlobalSection(SolutionProperties) = preSolution
		HideSolutionNode = FALSE
	EndGlobalSection
	GlobalSection(ExtensibilityGlobals) = postSolution
		SolutionGuid = {0810AD65-59F3-4711-A24B-94CCC8263679}
	EndGlobalSection
EndGlobal
